PODS:
  - AFNetworking (3.2.1):
    - AFNetworking/NSURLSession (= 3.2.1)
    - AFNetworking/Reachability (= 3.2.1)
    - AFNetworking/Security (= 3.2.1)
    - AFNetworking/Serialization (= 3.2.1)
    - AFNetworking/UIKit (= 3.2.1)
  - AFNetworking/NSURLSession (3.2.1):
    - AFNetworking/Reachability
    - AFNetworking/Security
    - AFNetworking/Serialization
  - AFNetworking/Reachability (3.2.1)
  - AFNetworking/Security (3.2.1)
  - AFNetworking/Serialization (3.2.1)
  - AFNetworking/UIKit (3.2.1):
    - AFNetworking/NSURLSession
  - FDFullscreenPopGesture (1.1)
  - lottie-ios (2.5.2)
  - Masonry (1.1.0)
  - MBProgressHUD (1.1.0)
  - MJRefresh (3.1.15.7)
  - pop (1.0.12)
  - "UITableView+FDTemplateLayoutCell (1.6)"

DEPENDENCIES:
  - AFNetworking
  - FDFullscreenPopGesture
  - lottie-ios
  - Masonry
  - MBProgressHUD (~> 1.1.0)
  - MJRefresh
  - pop (~> 1.0.9)
  - "UITableView+FDTemplateLayoutCell"

SPEC REPOS:
  https://github.com/cocoapods/specs.git:
    - AFNetworking
    - FDFullscreenPopGesture
    - lottie-ios
    - Masonry
    - MBProgressHUD
    - MJRefresh
    - pop
    - "UITableView+FDTemplateLayoutCell"

SPEC CHECKSUMS:
  AFNetworking: b6f891fdfaed196b46c7a83cf209e09697b94057
  FDFullscreenPopGesture: a8a620179e3d9c40e8e00256dcee1c1a27c6d0f0
  lottie-ios: 3fef45d3fabe63e3c7c2eb603dd64ddfffc73062
  Masonry: 678fab65091a9290e40e2832a55e7ab731aad201
  MBProgressHUD: e7baa36a220447d8aeb12769bf0585582f3866d9
  MJRefresh: 697f8ec75ebdbe9207767bb682cf0f51b0d8a41f
  pop: d582054913807fd11fd50bfe6a539d91c7e1a55a
  "UITableView+FDTemplateLayoutCell": 5c949b4a5059c404b442926c0e80f81d10a2d66f

PODFILE CHECKSUM: b384b76368c4161b40dce893f08d47bbe45eab18

COCOAPODS: 1.5.3
